
Microsoft Visual Studio Solution File, Format Version 12.00
# Visual Studio Version 16
VisualStudioVersion = 16.0.31613.86
MinimumVisualStudioVersion = 10.0.40219.1
Project("{FAE04EC0-301F-11D3-BF4B-00C04F79EFBC}") = "EmailWorker", "EmailWorker\EmailWorker.csproj", "{BC85A1B9-693B-4F25-987C-A7A7B5289A5B}"
EndProject
Global
	GlobalSection(SolutionConfigurationPlatforms) = preSolution
		Debug|Any CPU = Debug|Any CPU
		Release|Any CPU = Release|Any CPU
	EndGlobalSection
	GlobalSection(ProjectConfigurationPlatforms) = postSolution
		{BC85A1B9-693B-4F25-987C-A7A7B5289A5B}.Debug|Any CPU.ActiveCfg = Debug|Any CPU
		{BC85A1B9-693B-4F25-987C-A7A7B5289A5B}.Debug|Any CPU.Build.0 = Debug|Any CPU
		{BC85A1B9-693B-4F25-987C-A7A7B5289A5B}.Release|Any CPU.ActiveCfg = Release|Any CPU
		{BC85A1B9-693B-4F25-987C-A7A7B5289A5B}.Release|Any CPU.Build.0 = Release|Any CPU
	EndGlobalSection
	GlobalSection(SolutionProperties) = preSolution
		HideSolutionNode = FALSE
	EndGlobalSection
	GlobalSection(ExtensibilityGlobals) = postSolution
		SolutionGuid = {EF7B907E-022A-480D-8F03-A7F29F3E224F}
	EndGlobalSection
EndGlobal
